
Microsoft Visual Studio Solution File, Format Version 12.00
# Visual Studio Version 16
VisualStudioVersion = 16.0.29215.179
MinimumVisualStudioVersion = 10.0.40219.1
Project("{FAE04EC0-301F-11D3-BF4B-00C04F79EFBC}") = "digiwaiter", "digiwaiter\digiwaiter.csproj", "{D03372C1-C1FB-4CC3-B966-83AEFA5F2D42}"
EndProject
Global
	GlobalSection(SolutionConfigurationPlatforms) = preSolution
		Debug|Any CPU = Debug|Any CPU
		Release|Any CPU = Release|Any CPU
	EndGlobalSection
	GlobalSection(ProjectConfigurationPlatforms) = postSolution
		{D03372C1-C1FB-4CC3-B966-83AEFA5F2D42}.Debug|Any CPU.ActiveCfg = Debug|Any CPU
		{D03372C1-C1FB-4CC3-B966-83AEFA5F2D42}.Debug|Any CPU.Build.0 = Debug|Any CPU
		{D03372C1-C1FB-4CC3-B966-83AEFA5F2D42}.Release|Any CPU.ActiveCfg = Release|Any CPU
		{D03372C1-C1FB-4CC3-B966-83AEFA5F2D42}.Release|Any CPU.Build.0 = Release|Any CPU
	EndGlobalSection
	GlobalSection(SolutionProperties) = preSolution
		HideSolutionNode = FALSE
	EndGlobalSection
	GlobalSection(ExtensibilityGlobals) = postSolution
		SolutionGuid = {17F77061-36B9-4B08-90A6-D0D59D485437}
	EndGlobalSection
EndGlobal
